
Microsoft Visual Studio Solution File, Format Version 12.00
# Visual Studio Version 16
VisualStudioVersion = 16.0.33214.272
MinimumVisualStudioVersion = 10.0.40219.1
Project("{FAE04EC0-301F-11D3-BF4B-00C04F79EFBC}") = "hw13_1_asp", "hw13_1_asp\hw13_1_asp.csproj", "{513096FD-AB5D-4C17-B09E-9B84EA26C435}"
EndProject
Global
	GlobalSection(SolutionConfigurationPlatforms) = preSolution
		Debug|Any CPU = Debug|Any CPU
		Release|Any CPU = Release|Any CPU
	EndGlobalSection
	GlobalSection(ProjectConfigurationPlatforms) = postSolution
		{513096FD-AB5D-4C17-B09E-9B84EA26C435}.Debug|Any CPU.ActiveCfg = Debug|Any CPU
		{513096FD-AB5D-4C17-B09E-9B84EA26C435}.Debug|Any CPU.Build.0 = Debug|Any CPU
		{513096FD-AB5D-4C17-B09E-9B84EA26C435}.Release|Any CPU.ActiveCfg = Release|Any CPU
		{513096FD-AB5D-4C17-B09E-9B84EA26C435}.Release|Any CPU.Build.0 = Release|Any CPU
	EndGlobalSection
	GlobalSection(SolutionProperties) = preSolution
		HideSolutionNode = FALSE
	EndGlobalSection
	GlobalSection(ExtensibilityGlobals) = postSolution
		SolutionGuid = {FF9C9F47-6810-4B2F-B164-0A33A3159BC0}
	EndGlobalSection
EndGlobal
